
Microsoft Visual Studio Solution File, Format Version 12.00
# Visual Studio Version 17
VisualStudioVersion = 17.9.34723.18
MinimumVisualStudioVersion = 10.0.40219.1
Project("{FAE04EC0-301F-11D3-BF4B-00C04F79EFBC}") = "MyFirstWebServer.Server", "MyFirstWebServer.Server\MyFirstWebServer.Server.csproj", "{A70EC964-801B-4421-9CBC-3AA884ABC082}"
EndProject
Project("{FAE04EC0-301F-11D3-BF4B-00C04F79EFBC}") = "MyFirstWebServer.Demo", "MyFirstWebServer.Demo\MyFirstWebServer.Demo.csproj", "{0F1F523B-DDB6-462A-86F1-F20432A9F0DC}"
EndProject
Global
	GlobalSection(SolutionConfigurationPlatforms) = preSolution
		Debug|Any CPU = Debug|Any CPU
		Release|Any CPU = Release|Any CPU
	EndGlobalSection
	GlobalSection(ProjectConfigurationPlatforms) = postSolution
		{A70EC964-801B-4421-9CBC-3AA884ABC082}.Debug|Any CPU.ActiveCfg = Debug|Any CPU
		{A70EC964-801B-4421-9CBC-3AA884ABC082}.Debug|Any CPU.Build.0 = Debug|Any CPU
		{A70EC964-801B-4421-9CBC-3AA884ABC082}.Release|Any CPU.ActiveCfg = Release|Any CPU
		{A70EC964-801B-4421-9CBC-3AA884ABC082}.Release|Any CPU.Build.0 = Release|Any CPU
		{0F1F523B-DDB6-462A-86F1-F20432A9F0DC}.Debug|Any CPU.ActiveCfg = Debug|Any CPU
		{0F1F523B-DDB6-462A-86F1-F20432A9F0DC}.Debug|Any CPU.Build.0 = Debug|Any CPU
		{0F1F523B-DDB6-462A-86F1-F20432A9F0DC}.Release|Any CPU.ActiveCfg = Release|Any CPU
		{0F1F523B-DDB6-462A-86F1-F20432A9F0DC}.Release|Any CPU.Build.0 = Release|Any CPU
	EndGlobalSection
	GlobalSection(SolutionProperties) = preSolution
		HideSolutionNode = FALSE
	EndGlobalSection
	GlobalSection(ExtensibilityGlobals) = postSolution
		SolutionGuid = {4CE958F0-B877-4C4D-AE60-095023B92190}
	EndGlobalSection
EndGlobal
