
Microsoft Visual Studio Solution File, Format Version 12.00
# Visual Studio Version 17
VisualStudioVersion = 17.9.34723.18
MinimumVisualStudioVersion = 10.0.40219.1
Project("{FAE04EC0-301F-11D3-BF4B-00C04F79EFBC}") = "My First Web Server", "My First Web Server\My First Web Server.csproj", "{70600DFB-1DB8-4484-916F-DFE8507F341F}"
EndProject
Global
	GlobalSection(SolutionConfigurationPlatforms) = preSolution
		Debug|Any CPU = Debug|Any CPU
		Release|Any CPU = Release|Any CPU
	EndGlobalSection
	GlobalSection(ProjectConfigurationPlatforms) = postSolution
		{70600DFB-1DB8-4484-916F-DFE8507F341F}.Debug|Any CPU.ActiveCfg = Debug|Any CPU
		{70600DFB-1DB8-4484-916F-DFE8507F341F}.Debug|Any CPU.Build.0 = Debug|Any CPU
		{70600DFB-1DB8-4484-916F-DFE8507F341F}.Release|Any CPU.ActiveCfg = Release|Any CPU
		{70600DFB-1DB8-4484-916F-DFE8507F341F}.Release|Any CPU.Build.0 = Release|Any CPU
	EndGlobalSection
	GlobalSection(SolutionProperties) = preSolution
		HideSolutionNode = FALSE
	EndGlobalSection
	GlobalSection(ExtensibilityGlobals) = postSolution
		SolutionGuid = {4CE958F0-B877-4C4D-AE60-095023B92190}
	EndGlobalSection
EndGlobal
